
Microsoft Visual Studio Solution File, Format Version 12.00
# Visual Studio Version 17
VisualStudioVersion = 17.6.33723.286
MinimumVisualStudioVersion = 10.0.40219.1
Project("{9A19103F-16F7-4668-BE54-9A1E7A4F7556}") = "Refulgence.Cli", "Refulgence.Cli\Refulgence.Cli.csproj", "{497E67E2-6E22-416B-9BD5-6818AC519095}"
EndProject
Project("{9A19103F-16F7-4668-BE54-9A1E7A4F7556}") = "Refulgence.Xiv", "Refulgence.Xiv\Refulgence.Xiv.csproj", "{BEFE000A-B4A3-4E73-8D5B-E40EDDF90771}"
EndProject
Project("{FAE04EC0-301F-11D3-BF4B-00C04F79EFBC}") = "Refulgence.Tests", "Refulgence.Tests\Refulgence.Tests.csproj", "{44858A36-8A2B-487F-81E1-91A5378E0DBE}"
EndProject
Project("{FAE04EC0-301F-11D3-BF4B-00C04F79EFBC}") = "RefulgenceCore", "RefulgenceCore\RefulgenceCore.csproj", "{B1635CAC-34D1-480F-81F9-DD49034CDF4A}"
EndProject
Global
	GlobalSection(SolutionConfigurationPlatforms) = preSolution
		Debug|Any CPU = Debug|Any CPU
		Release|Any CPU = Release|Any CPU
	EndGlobalSection
	GlobalSection(ProjectConfigurationPlatforms) = postSolution
		{497E67E2-6E22-416B-9BD5-6818AC519095}.Debug|Any CPU.ActiveCfg = Debug|Any CPU
		{497E67E2-6E22-416B-9BD5-6818AC519095}.Debug|Any CPU.Build.0 = Debug|Any CPU
		{497E67E2-6E22-416B-9BD5-6818AC519095}.Release|Any CPU.ActiveCfg = Release|Any CPU
		{497E67E2-6E22-416B-9BD5-6818AC519095}.Release|Any CPU.Build.0 = Release|Any CPU
		{BEFE000A-B4A3-4E73-8D5B-E40EDDF90771}.Debug|Any CPU.ActiveCfg = Debug|Any CPU
		{BEFE000A-B4A3-4E73-8D5B-E40EDDF90771}.Debug|Any CPU.Build.0 = Debug|Any CPU
		{BEFE000A-B4A3-4E73-8D5B-E40EDDF90771}.Release|Any CPU.ActiveCfg = Release|Any CPU
		{BEFE000A-B4A3-4E73-8D5B-E40EDDF90771}.Release|Any CPU.Build.0 = Release|Any CPU
		{44858A36-8A2B-487F-81E1-91A5378E0DBE}.Debug|Any CPU.ActiveCfg = Debug|Any CPU
		{44858A36-8A2B-487F-81E1-91A5378E0DBE}.Debug|Any CPU.Build.0 = Debug|Any CPU
		{44858A36-8A2B-487F-81E1-91A5378E0DBE}.Release|Any CPU.ActiveCfg = Release|Any CPU
		{44858A36-8A2B-487F-81E1-91A5378E0DBE}.Release|Any CPU.Build.0 = Release|Any CPU
		{B1635CAC-34D1-480F-81F9-DD49034CDF4A}.Debug|Any CPU.ActiveCfg = Debug|Any CPU
		{B1635CAC-34D1-480F-81F9-DD49034CDF4A}.Debug|Any CPU.Build.0 = Debug|Any CPU
		{B1635CAC-34D1-480F-81F9-DD49034CDF4A}.Release|Any CPU.ActiveCfg = Release|Any CPU
		{B1635CAC-34D1-480F-81F9-DD49034CDF4A}.Release|Any CPU.Build.0 = Release|Any CPU
	EndGlobalSection
	GlobalSection(SolutionProperties) = preSolution
		HideSolutionNode = FALSE
	EndGlobalSection
	GlobalSection(ExtensibilityGlobals) = postSolution
		SolutionGuid = {41EC4256-5524-468B-A45A-2D73876C9C5E}
	EndGlobalSection
EndGlobal
